
Microsoft Visual Studio Solution File, Format Version 12.00
# Visual Studio Version 16
VisualStudioVersion = 16.0.30804.86
MinimumVisualStudioVersion = 10.0.40219.1
Project("{FAE04EC0-301F-11D3-BF4B-00C04F79EFBC}") = "Uri1071", "Uri1071\Uri1071.csproj", "{99259DA5-FE5D-42C1-887D-E891936AC65B}"
EndProject
Global
	GlobalSection(SolutionConfigurationPlatforms) = preSolution
		Debug|Any CPU = Debug|Any CPU
		Release|Any CPU = Release|Any CPU
	EndGlobalSection
	GlobalSection(ProjectConfigurationPlatforms) = postSolution
		{99259DA5-FE5D-42C1-887D-E891936AC65B}.Debug|Any CPU.ActiveCfg = Debug|Any CPU
		{99259DA5-FE5D-42C1-887D-E891936AC65B}.Debug|Any CPU.Build.0 = Debug|Any CPU
		{99259DA5-FE5D-42C1-887D-E891936AC65B}.Release|Any CPU.ActiveCfg = Release|Any CPU
		{99259DA5-FE5D-42C1-887D-E891936AC65B}.Release|Any CPU.Build.0 = Release|Any CPU
	EndGlobalSection
	GlobalSection(SolutionProperties) = preSolution
		HideSolutionNode = FALSE
	EndGlobalSection
	GlobalSection(ExtensibilityGlobals) = postSolution
		SolutionGuid = {437F3EF7-129F-4099-BA4F-ACD78E43BBF2}
	EndGlobalSection
EndGlobal
